
Microsoft Visual Studio Solution File, Format Version 11.00
# Visual Studio 2010
Project("{8BC9CEB8-8B4A-11D0-8D11-00A0C91BC942}") = "shootingDX", "shootingDX\shootingDX.vcxproj", "{CF5CCD86-0D53-454F-89A8-89F386B6CEB9}"
EndProject
Global
	GlobalSection(SolutionConfigurationPlatforms) = preSolution
		Debug|Win32 = Debug|Win32
		Release|Win32 = Release|Win32
	EndGlobalSection
	GlobalSection(ProjectConfigurationPlatforms) = postSolution
		{CF5CCD86-0D53-454F-89A8-89F386B6CEB9}.Debug|Win32.ActiveCfg = Debug|Win32
		{CF5CCD86-0D53-454F-89A8-89F386B6CEB9}.Debug|Win32.Build.0 = Debug|Win32
		{CF5CCD86-0D53-454F-89A8-89F386B6CEB9}.Release|Win32.ActiveCfg = Release|Win32
		{CF5CCD86-0D53-454F-89A8-89F386B6CEB9}.Release|Win32.Build.0 = Release|Win32
	EndGlobalSection
	GlobalSection(SolutionProperties) = preSolution
		HideSolutionNode = FALSE
	EndGlobalSection
EndGlobal
